
Microsoft Visual Studio Solution File, Format Version 12.00
# Visual Studio Version 16
VisualStudioVersion = 16.0.30611.23
MinimumVisualStudioVersion = 10.0.40219.1
Project("{9A19103F-16F7-4668-BE54-9A1E7A4F7556}") = "StarCitizenGalaxyWrapper", "src\StarCitizenGalaxyWrapper\StarCitizenGalaxyWrapper\StarCitizenGalaxyWrapper.csproj", "{9355B5E4-403A-4F19-9C60-05510D538E9C}"
EndProject
Project("{FAE04EC0-301F-11D3-BF4B-00C04F79EFBC}") = "APITesting", "example\APITesting\APITesting.csproj", "{8FC1A4A8-0857-45FC-9926-49A0993FEE5F}"
EndProject
Project("{2150E333-8FDC-42A3-9474-1A3956D46DE8}") = "Examples", "Examples", "{67BF3D45-7671-4F61-9204-95BCA8760C88}"
EndProject
Project("{FAE04EC0-301F-11D3-BF4B-00C04F79EFBC}") = "StarCitizenGalaxyWrapper.Models", "src\StarCitizenGalaxyWrapper.Models\StarCitizenGalaxyWrapper.Models.csproj", "{7A0DF655-674A-43AF-91C0-42DF89EAB9EC}"
EndProject
Global
	GlobalSection(SolutionConfigurationPlatforms) = preSolution
		Debug|Any CPU = Debug|Any CPU
		Release|Any CPU = Release|Any CPU
	EndGlobalSection
	GlobalSection(ProjectConfigurationPlatforms) = postSolution
		{9355B5E4-403A-4F19-9C60-05510D538E9C}.Debug|Any CPU.ActiveCfg = Debug|Any CPU
		{9355B5E4-403A-4F19-9C60-05510D538E9C}.Debug|Any CPU.Build.0 = Debug|Any CPU
		{9355B5E4-403A-4F19-9C60-05510D538E9C}.Release|Any CPU.ActiveCfg = Release|Any CPU
		{9355B5E4-403A-4F19-9C60-05510D538E9C}.Release|Any CPU.Build.0 = Release|Any CPU
		{8FC1A4A8-0857-45FC-9926-49A0993FEE5F}.Debug|Any CPU.ActiveCfg = Debug|Any CPU
		{8FC1A4A8-0857-45FC-9926-49A0993FEE5F}.Debug|Any CPU.Build.0 = Debug|Any CPU
		{8FC1A4A8-0857-45FC-9926-49A0993FEE5F}.Release|Any CPU.ActiveCfg = Release|Any CPU
		{8FC1A4A8-0857-45FC-9926-49A0993FEE5F}.Release|Any CPU.Build.0 = Release|Any CPU
		{7A0DF655-674A-43AF-91C0-42DF89EAB9EC}.Debug|Any CPU.ActiveCfg = Debug|Any CPU
		{7A0DF655-674A-43AF-91C0-42DF89EAB9EC}.Debug|Any CPU.Build.0 = Debug|Any CPU
		{7A0DF655-674A-43AF-91C0-42DF89EAB9EC}.Release|Any CPU.ActiveCfg = Release|Any CPU
		{7A0DF655-674A-43AF-91C0-42DF89EAB9EC}.Release|Any CPU.Build.0 = Release|Any CPU
	EndGlobalSection
	GlobalSection(SolutionProperties) = preSolution
		HideSolutionNode = FALSE
	EndGlobalSection
	GlobalSection(NestedProjects) = preSolution
		{8FC1A4A8-0857-45FC-9926-49A0993FEE5F} = {67BF3D45-7671-4F61-9204-95BCA8760C88}
	EndGlobalSection
	GlobalSection(ExtensibilityGlobals) = postSolution
		SolutionGuid = {50144048-A96A-4479-9CB7-6FE3DC0E605D}
	EndGlobalSection
EndGlobal
