
Microsoft Visual Studio Solution File, Format Version 12.00
# Visual Studio Version 16
VisualStudioVersion = 16.0.30611.23
MinimumVisualStudioVersion = 10.0.40219.1
Project("{FAE04EC0-301F-11D3-BF4B-00C04F79EFBC}") = "StarCitizenGalaxyWrapper", "src\StarCitizenGalaxyWrapper\StarCitizenGalaxyWrapper\StarCitizenGalaxyWrapper.csproj", "{9355B5E4-403A-4F19-9C60-05510D538E9C}"
EndProject
Global
	GlobalSection(SolutionConfigurationPlatforms) = preSolution
		Debug|Any CPU = Debug|Any CPU
		Release|Any CPU = Release|Any CPU
	EndGlobalSection
	GlobalSection(ProjectConfigurationPlatforms) = postSolution
		{9355B5E4-403A-4F19-9C60-05510D538E9C}.Debug|Any CPU.ActiveCfg = Debug|Any CPU
		{9355B5E4-403A-4F19-9C60-05510D538E9C}.Debug|Any CPU.Build.0 = Debug|Any CPU
		{9355B5E4-403A-4F19-9C60-05510D538E9C}.Release|Any CPU.ActiveCfg = Release|Any CPU
		{9355B5E4-403A-4F19-9C60-05510D538E9C}.Release|Any CPU.Build.0 = Release|Any CPU
	EndGlobalSection
	GlobalSection(SolutionProperties) = preSolution
		HideSolutionNode = FALSE
	EndGlobalSection
	GlobalSection(ExtensibilityGlobals) = postSolution
		SolutionGuid = {50144048-A96A-4479-9CB7-6FE3DC0E605D}
	EndGlobalSection
EndGlobal
